<?xml version="1.0" encoding="utf-8"?>
<Project ToolsVersion="4.0" xmlns="http://schemas.microsoft.com/developer/msbuild/2003">
  <ItemGroup>
    <Filter Include="Utils">
      <UniqueIdentifier>{bbae3c55-7bc3-427b-a83e-8b79f7148728}</UniqueIdentifier>
    </Filter>
    <Filter Include="Thread">
      <UniqueIdentifier>{d13ecd72-21a1-4a6c-b523-68b882f5a012}</UniqueIdentifier>
    </Filter>
    <Filter Include="Manager">
      <UniqueIdentifier>{4FC737F1-C7A5-4376-A066-2A32D752A2FF}</UniqueIdentifier>
      <Extensions>cpp;c;cc;cxx;c++;cppm;ixx;def;odl;idl;hpj;bat;asm;asmx</Extensions>
    </Filter>
    <Filter Include="Memory">
      <UniqueIdentifier>{328e6639-ce17-42e4-86ca-815011418bac}</UniqueIdentifier>
    </Filter>
  </ItemGroup>
  <ItemGroup>
    <ClInclude Include="pch.h">
      <Filter>Utils</Filter>
    </ClInclude>
    <ClInclude Include="Macro.h">
      <Filter>Utils</Filter>
    </ClInclude>
    <ClInclude Include="FwPch.h">
      <Filter>Utils</Filter>
    </ClInclude>
    <ClInclude Include="CThreadWk.h">
      <Filter>Thread</Filter>
    </ClInclude>
    <ClInclude Include="CThreadBase.h">
      <Filter>Thread</Filter>
    </ClInclude>
    <ClInclude Include="CThreadMgr.h">
      <Filter>Manager</Filter>
    </ClInclude>
    <ClInclude Include="FwTLS.h">
      <Filter>Utils</Filter>
    </ClInclude>
    <ClInclude Include="Types.h">
      <Filter>Utils</Filter>
    </ClInclude>
    <ClInclude Include="FwGlobal.h">
      <Filter>Utils</Filter>
    </ClInclude>
    <ClInclude Include="Allocator.h">
      <Filter>Memory</Filter>
    </ClInclude>
    <ClInclude Include="ObjectPool.h">
      <Filter>Memory</Filter>
    </ClInclude>
    <ClInclude Include="Singleton.h">
      <Filter>Utils</Filter>
    </ClInclude>
    <ClInclude Include="main.h" />
  </ItemGroup>
  <ItemGroup>
    <ClCompile Include="pch.cpp">
      <Filter>Utils</Filter>
    </ClCompile>
    <ClCompile Include="CThreadBase.cpp">
      <Filter>Thread</Filter>
    </ClCompile>
    <ClCompile Include="CThreadWk.cpp">
      <Filter>Thread</Filter>
    </ClCompile>
    <ClCompile Include="CThreadMgr.cpp">
      <Filter>Manager</Filter>
    </ClCompile>
    <ClCompile Include="FwTLS.cpp">
      <Filter>Utils</Filter>
    </ClCompile>
    <ClCompile Include="Types.cpp">
      <Filter>Utils</Filter>
    </ClCompile>
    <ClCompile Include="Allocator.cpp">
      <Filter>Memory</Filter>
    </ClCompile>
    <ClCompile Include="ObjectPool.cpp">
      <Filter>Memory</Filter>
    </ClCompile>
    <ClCompile Include="Singleton.cpp">
      <Filter>Manager</Filter>
    </ClCompile>
  </ItemGroup>
</Project>