<?xml version="1.0" encoding="utf-8"?>
<Project ToolsVersion="4.0" xmlns="http://schemas.microsoft.com/developer/msbuild/2003">
  <ItemGroup>
    <Filter Include="Utils">
      <UniqueIdentifier>{bbae3c55-7bc3-427b-a83e-8b79f7148728}</UniqueIdentifier>
    </Filter>
    <Filter Include="Thread">
      <UniqueIdentifier>{d13ecd72-21a1-4a6c-b523-68b882f5a012}</UniqueIdentifier>
    </Filter>
    <Filter Include="Memory">
      <UniqueIdentifier>{328e6639-ce17-42e4-86ca-815011418bac}</UniqueIdentifier>
    </Filter>
    <Filter Include="Network">
      <UniqueIdentifier>{8b200fcf-7274-4a68-bd6a-fe6d82bfed71}</UniqueIdentifier>
    </Filter>
  </ItemGroup>
  <ItemGroup>
    <ClInclude Include="pch.h">
      <Filter>Utils</Filter>
    </ClInclude>
    <ClInclude Include="macro.h">
      <Filter>Utils</Filter>
    </ClInclude>
    <ClInclude Include="pch_fw.h">
      <Filter>Utils</Filter>
    </ClInclude>
    <ClInclude Include="thread_local.h">
      <Filter>Utils</Filter>
    </ClInclude>
    <ClInclude Include="types.h">
      <Filter>Utils</Filter>
    </ClInclude>
    <ClInclude Include="global.h">
      <Filter>Utils</Filter>
    </ClInclude>
    <ClInclude Include="FwCObjectPool.h">
      <Filter>Memory</Filter>
    </ClInclude>
    <ClInclude Include="singleton.h">
      <Filter>Utils</Filter>
    </ClInclude>
    <ClInclude Include="NetAddress.h">
      <Filter>Network</Filter>
    </ClInclude>
    <ClInclude Include="SocketUtils.h">
      <Filter>Network</Filter>
    </ClInclude>
    <ClInclude Include="FwIocp.h">
      <Filter>Network</Filter>
    </ClInclude>
    <ClInclude Include="FwIocpEvent.h">
      <Filter>Network</Filter>
    </ClInclude>
    <ClInclude Include="FwCContainer.h">
      <Filter>Memory</Filter>
    </ClInclude>
    <ClInclude Include="FwCObjectPool.inl">
      <Filter>Memory</Filter>
    </ClInclude>
    <ClInclude Include="thread_manager.h">
      <Filter>Thread</Filter>
    </ClInclude>
    <ClInclude Include="thread_pm.h">
      <Filter>Thread</Filter>
    </ClInclude>
  </ItemGroup>
  <ItemGroup>
    <ClCompile Include="pch.cpp">
      <Filter>Utils</Filter>
    </ClCompile>
    <ClCompile Include="thread_local.cpp">
      <Filter>Utils</Filter>
    </ClCompile>
    <ClCompile Include="types.cpp">
      <Filter>Utils</Filter>
    </ClCompile>
    <ClCompile Include="global.cpp">
      <Filter>Utils</Filter>
    </ClCompile>
    <ClCompile Include="singleton.cpp">
      <Filter>Utils</Filter>
    </ClCompile>
    <ClCompile Include="NetAddress.cpp">
      <Filter>Network</Filter>
    </ClCompile>
    <ClCompile Include="SocketUtils.cpp">
      <Filter>Network</Filter>
    </ClCompile>
    <ClCompile Include="FwIocp.cpp">
      <Filter>Network</Filter>
    </ClCompile>
    <ClCompile Include="FwIocpEvent.cpp">
      <Filter>Network</Filter>
    </ClCompile>
    <ClCompile Include="thread_manager.cpp">
      <Filter>Thread</Filter>
    </ClCompile>
    <ClCompile Include="thread_pm.cpp">
      <Filter>Thread</Filter>
    </ClCompile>
  </ItemGroup>
</Project>